
Microsoft Visual Studio Solution File, Format Version 12.00
# Visual Studio Version 17
VisualStudioVersion = 17.0.31903.59
MinimumVisualStudioVersion = 10.0.40219.1
Project("{2150E333-8FDC-42A3-9474-1A3956D46DE8}") = "Domain", "Domain", "{36D591C7-65C7-A0D1-1CBC-10CDE441BDC8}"
EndProject
Project("{2150E333-8FDC-42A3-9474-1A3956D46DE8}") = "Infrastructure", "Infrastructure", "{B357C422-F9FA-45DB-861B-16A5D8066838}"
EndProject
Project("{2150E333-8FDC-42A3-9474-1A3956D46DE8}") = "Presentation", "Presentation", "{FF05C62D-32D8-4065-BFE7-D70B7D413D00}"
EndProject
Project("{FAE04EC0-301F-11D3-BF4B-00C04F79EFBC}") = "WebApi", "Domain\WebApi\WebApi.csproj", "{D33929DC-924A-4641-A277-17C67C615384}"
EndProject
Project("{FAE04EC0-301F-11D3-BF4B-00C04F79EFBC}") = "TZ4.Data.EF", "Infrastructure\TZ4.Data.EF\TZ4.Data.EF.csproj", "{6335BD06-1B06-4150-8DCB-6580749C755F}"
EndProject
Project("{FAE04EC0-301F-11D3-BF4B-00C04F79EFBC}") = "Web", "..\Presentation\TZ4_WebApi\Web\Web.csproj", "{0E380F55-483D-486D-8027-2CB8AA4DECDB}"
EndProject
Global
	GlobalSection(SolutionConfigurationPlatforms) = preSolution
		Debug|Any CPU = Debug|Any CPU
		Release|Any CPU = Release|Any CPU
	EndGlobalSection
	GlobalSection(ProjectConfigurationPlatforms) = postSolution
		{D33929DC-924A-4641-A277-17C67C615384}.Debug|Any CPU.ActiveCfg = Debug|Any CPU
		{D33929DC-924A-4641-A277-17C67C615384}.Debug|Any CPU.Build.0 = Debug|Any CPU
		{D33929DC-924A-4641-A277-17C67C615384}.Release|Any CPU.ActiveCfg = Release|Any CPU
		{D33929DC-924A-4641-A277-17C67C615384}.Release|Any CPU.Build.0 = Release|Any CPU
		{6335BD06-1B06-4150-8DCB-6580749C755F}.Debug|Any CPU.ActiveCfg = Debug|Any CPU
		{6335BD06-1B06-4150-8DCB-6580749C755F}.Debug|Any CPU.Build.0 = Debug|Any CPU
		{6335BD06-1B06-4150-8DCB-6580749C755F}.Release|Any CPU.ActiveCfg = Release|Any CPU
		{6335BD06-1B06-4150-8DCB-6580749C755F}.Release|Any CPU.Build.0 = Release|Any CPU
		{0E380F55-483D-486D-8027-2CB8AA4DECDB}.Debug|Any CPU.ActiveCfg = Debug|Any CPU
		{0E380F55-483D-486D-8027-2CB8AA4DECDB}.Debug|Any CPU.Build.0 = Debug|Any CPU
		{0E380F55-483D-486D-8027-2CB8AA4DECDB}.Release|Any CPU.ActiveCfg = Release|Any CPU
		{0E380F55-483D-486D-8027-2CB8AA4DECDB}.Release|Any CPU.Build.0 = Release|Any CPU
	EndGlobalSection
	GlobalSection(SolutionProperties) = preSolution
		HideSolutionNode = FALSE
	EndGlobalSection
	GlobalSection(NestedProjects) = preSolution
		{D33929DC-924A-4641-A277-17C67C615384} = {36D591C7-65C7-A0D1-1CBC-10CDE441BDC8}
		{6335BD06-1B06-4150-8DCB-6580749C755F} = {B357C422-F9FA-45DB-861B-16A5D8066838}
		{0E380F55-483D-486D-8027-2CB8AA4DECDB} = {FF05C62D-32D8-4065-BFE7-D70B7D413D00}
	EndGlobalSection
	GlobalSection(ExtensibilityGlobals) = postSolution
		SolutionGuid = {F7069A0D-9712-465B-899F-CEC808586F18}
	EndGlobalSection
EndGlobal
